github.com/hugomods/icons v0.6.0 h1:G6RU93okhPPRDh/jqcew9gwkcYpSpg0rCBv4S6yUAFw=
github.com/hugomods/icons/vendors/bootstrap v0.5.0 h1:CHEGk677heq2kJZa7XsGHRc3Hwizl9NFkmNw146OVm0=
github.com/hugomods/icons/vendors/bootstrap v0.5.0/go.mod h1:kfC17VWV+tNi6PGF4AY7CJBBa1/HEgWxCYq2kNOdcdI=
github.com/hugomods/icons/vendors/bootstrap v0.5.1/go.mod h1:tFEoO7zed/8FDT6LeKLGnzDbx7D8HK7ZaLshnF0RYjQ=
github.com/hugomods/icons/vendors/bootstrap v0.5.2/go.mod h1:O+9YwW2aJiOIC7R/zmSnoiZjiix1HMJD5J7NRLxRg+M=
github.com/hugomods/icons/vendors/bootstrap v0.5.3/go.mod h1:SuPcqO3u8gN4epmf+2L1G8pg6X3nXj2D6FYRWd+OIrw=
github.com/hugomods/icons/vendors/bootstrap v0.5.4/go.mod h1:DtuYP+dG9Sttfsggd9k09h/hapZBsel6JJ1vNetkaCg=
github.com/hugomods/icons/vendors/bootstrap v0.5.5/go.mod h1:DtuYP+dG9Sttfsggd9k09h/hapZBsel6JJ1vNetkaCg=
github.com/hugomods/icons/vendors/bootstrap v0.5.6/go.mod h1:Sw1RhQvFcsQlJ5a4SKpp7A0XHDYQ0DK0pQwnnx+l+Ao=
github.com/hugomods/icons/vendors/bootstrap v0.5.7/go.mod h1:bTxiIPJ/idHEc35EtvtwSODLpjI+R54BkGdikO3gCmY=
github.com/hugomods/icons/vendors/bootstrap v0.5.8/go.mod h1:jla3IbQAByyz45AikUAw/c7h0wUMUn5Z2j4gh+zVDj4=
github.com/hugomods/snackbar v0.1.2 h1:SLpfH9jlYwf81epH7DvM2XTZHo+3fXXpk6XKtxmo964=
github.com/hugomods/snackbar v0.1.2/go.mod h1:ykFm0IFibeQPuPAm8Gaa27xJS/bNZcSez4omVSl2gQ0=
